
Microsoft Visual Studio Solution File, Format Version 12.00
# Visual Studio 15
VisualStudioVersion = 15.0.28010.2003
MinimumVisualStudioVersion = 10.0.40219.1
Project("{FAE04EC0-301F-11D3-BF4B-00C04F79EFBC}") = "ClasesAbstractas", "Entidades\ClasesAbstractas.csproj", "{DAB155D2-1A66-4127-A7F4-BA4AF426C77B}"
EndProject
Project("{FAE04EC0-301F-11D3-BF4B-00C04F79EFBC}") = "ClasesInstanciables", "ClasesInstanciables\ClasesInstanciables.csproj", "{B29BF834-6F02-4941-B51D-64D04A797816}"
EndProject
Project("{FAE04EC0-301F-11D3-BF4B-00C04F79EFBC}") = "Archivos", "Archivos\Archivos.csproj", "{96FF822C-41F3-4FE3-B4B9-C1C5793786BA}"
EndProject
Project("{FAE04EC0-301F-11D3-BF4B-00C04F79EFBC}") = "Excepciones", "Excepciones\Excepciones.csproj", "{3474E433-5CBE-41A8-A6BD-D0FF04ABF3EA}"
EndProject
Project("{FAE04EC0-301F-11D3-BF4B-00C04F79EFBC}") = "VistaConsola", "VistaConsola\VistaConsola.csproj", "{2E619A70-6A34-4550-A8F3-73D7E94E63B3}"
EndProject
Global
	GlobalSection(SolutionConfigurationPlatforms) = preSolution
		Debug|Any CPU = Debug|Any CPU
		Release|Any CPU = Release|Any CPU
	EndGlobalSection
	GlobalSection(ProjectConfigurationPlatforms) = postSolution
		{DAB155D2-1A66-4127-A7F4-BA4AF426C77B}.Debug|Any CPU.ActiveCfg = Debug|Any CPU
		{DAB155D2-1A66-4127-A7F4-BA4AF426C77B}.Debug|Any CPU.Build.0 = Debug|Any CPU
		{DAB155D2-1A66-4127-A7F4-BA4AF426C77B}.Release|Any CPU.ActiveCfg = Release|Any CPU
		{DAB155D2-1A66-4127-A7F4-BA4AF426C77B}.Release|Any CPU.Build.0 = Release|Any CPU
		{B29BF834-6F02-4941-B51D-64D04A797816}.Debug|Any CPU.ActiveCfg = Debug|Any CPU
		{B29BF834-6F02-4941-B51D-64D04A797816}.Debug|Any CPU.Build.0 = Debug|Any CPU
		{B29BF834-6F02-4941-B51D-64D04A797816}.Release|Any CPU.ActiveCfg = Release|Any CPU
		{B29BF834-6F02-4941-B51D-64D04A797816}.Release|Any CPU.Build.0 = Release|Any CPU
		{96FF822C-41F3-4FE3-B4B9-C1C5793786BA}.Debug|Any CPU.ActiveCfg = Debug|Any CPU
		{96FF822C-41F3-4FE3-B4B9-C1C5793786BA}.Debug|Any CPU.Build.0 = Debug|Any CPU
		{96FF822C-41F3-4FE3-B4B9-C1C5793786BA}.Release|Any CPU.ActiveCfg = Release|Any CPU
		{96FF822C-41F3-4FE3-B4B9-C1C5793786BA}.Release|Any CPU.Build.0 = Release|Any CPU
		{3474E433-5CBE-41A8-A6BD-D0FF04ABF3EA}.Debug|Any CPU.ActiveCfg = Debug|Any CPU
		{3474E433-5CBE-41A8-A6BD-D0FF04ABF3EA}.Debug|Any CPU.Build.0 = Debug|Any CPU
		{3474E433-5CBE-41A8-A6BD-D0FF04ABF3EA}.Release|Any CPU.ActiveCfg = Release|Any CPU
		{3474E433-5CBE-41A8-A6BD-D0FF04ABF3EA}.Release|Any CPU.Build.0 = Release|Any CPU
		{2E619A70-6A34-4550-A8F3-73D7E94E63B3}.Debug|Any CPU.ActiveCfg = Debug|Any CPU
		{2E619A70-6A34-4550-A8F3-73D7E94E63B3}.Debug|Any CPU.Build.0 = Debug|Any CPU
		{2E619A70-6A34-4550-A8F3-73D7E94E63B3}.Release|Any CPU.ActiveCfg = Release|Any CPU
		{2E619A70-6A34-4550-A8F3-73D7E94E63B3}.Release|Any CPU.Build.0 = Release|Any CPU
	EndGlobalSection
	GlobalSection(SolutionProperties) = preSolution
		HideSolutionNode = FALSE
	EndGlobalSection
	GlobalSection(ExtensibilityGlobals) = postSolution
		SolutionGuid = {A928C206-C6A0-404E-8B04-4A079B2B5C08}
	EndGlobalSection
EndGlobal
