
Microsoft Visual Studio Solution File, Format Version 12.00
# Visual Studio 15
VisualStudioVersion = 15.0.28010.2003
MinimumVisualStudioVersion = 10.0.40219.1
Project("{FAE04EC0-301F-11D3-BF4B-00C04F79EFBC}") = "Entidades", "Entidades\Entidades.csproj", "{A2D207D3-FF2C-4DF9-891B-001AFF7C0BEB}"
EndProject
Project("{FAE04EC0-301F-11D3-BF4B-00C04F79EFBC}") = "MiCalculadora", "MiCalculadora\MiCalculadora.csproj", "{188DFB87-7AC9-449A-BC31-A46354C4A01D}"
EndProject
Global
	GlobalSection(SolutionConfigurationPlatforms) = preSolution
		Debug|Any CPU = Debug|Any CPU
		Release|Any CPU = Release|Any CPU
	EndGlobalSection
	GlobalSection(ProjectConfigurationPlatforms) = postSolution
		{A2D207D3-FF2C-4DF9-891B-001AFF7C0BEB}.Debug|Any CPU.ActiveCfg = Debug|Any CPU
		{A2D207D3-FF2C-4DF9-891B-001AFF7C0BEB}.Debug|Any CPU.Build.0 = Debug|Any CPU
		{A2D207D3-FF2C-4DF9-891B-001AFF7C0BEB}.Release|Any CPU.ActiveCfg = Release|Any CPU
		{A2D207D3-FF2C-4DF9-891B-001AFF7C0BEB}.Release|Any CPU.Build.0 = Release|Any CPU
		{188DFB87-7AC9-449A-BC31-A46354C4A01D}.Debug|Any CPU.ActiveCfg = Debug|Any CPU
		{188DFB87-7AC9-449A-BC31-A46354C4A01D}.Debug|Any CPU.Build.0 = Debug|Any CPU
		{188DFB87-7AC9-449A-BC31-A46354C4A01D}.Release|Any CPU.ActiveCfg = Release|Any CPU
		{188DFB87-7AC9-449A-BC31-A46354C4A01D}.Release|Any CPU.Build.0 = Release|Any CPU
	EndGlobalSection
	GlobalSection(SolutionProperties) = preSolution
		HideSolutionNode = FALSE
	EndGlobalSection
	GlobalSection(ExtensibilityGlobals) = postSolution
		SolutionGuid = {8DF381E5-B2AE-4B31-B9C4-557DBB5ACAF1}
	EndGlobalSection
EndGlobal
